// !$*UTF8*$!
{
	archiveVersion = 1;
	classes = {
	};
	objectVersion = 46;
	objects = {

/* Begin PBXBuildFile section */
		11A2C36A1A7AFF7B00061625 /* main.m in Sources */ = {isa = PBXBuildFile; fileRef = 11A2C3691A7AFF7B00061625 /* main.m */; };
		11A2C36D1A7AFF7B00061625 /* AppDelegate.m in Sources */ = {isa = PBXBuildFile; fileRef = 11A2C36C1A7AFF7B00061625 /* AppDelegate.m */; };
		11A2C3701A7AFF7B00061625 /* NotifyAlert.xcdatamodeld in Sources */ = {isa = PBXBuildFile; fileRef = 11A2C36E1A7AFF7B00061625 /* NotifyAlert.xcdatamodeld */; };
		11A2C3731A7AFF7B00061625 /* ViewController.m in Sources */ = {isa = PBXBuildFile; fileRef = 11A2C3721A7AFF7B00061625 /* ViewController.m */; };
		11A2C3761A7AFF7B00061625 /* Main.storyboard in Resources */ = {isa = PBXBuildFile; fileRef = 11A2C3741A7AFF7B00061625 /* Main.storyboard */; };
		11A2C3781A7AFF7B00061625 /* Images.xcassets in Resources */ = {isa = PBXBuildFile; fileRef = 11A2C3771A7AFF7B00061625 /* Images.xcassets */; };
		11A2C37B1A7AFF7B00061625 /* LaunchScreen.xib in Resources */ = {isa = PBXBuildFile; fileRef = 11A2C3791A7AFF7B00061625 /* LaunchScreen.xib */; };
		11A2C3871A7AFF7B00061625 /* NotifyAlertTests.m in Sources */ = {isa = PBXBuildFile; fileRef = 11A2C3861A7AFF7B00061625 /* NotifyAlertTests.m */; };
/* End PBXBuildFile section */

/* Begin PBXContainerItemProxy section */
		11A2C3811A7AFF7B00061625 /* PBXContainerItemProxy */ = {
			isa = PBXContainerItemProxy;
			containerPortal = 11A2C35C1A7AFF7B00061625 /* Project object */;
			proxyType = 1;
			remoteGlobalIDString = 11A2C3631A7AFF7B00061625;
			remoteInfo = NotifyAlert;
		};
/* End PBXContainerItemProxy section */

/* Begin PBXFileReference section */
		11A2C3641A7AFF7B00061625 /* NotifyAlert.app */ = {isa = PBXFileReference; explicitFileType = wrapper.application; includeInIndex = 0; path = NotifyAlert.app; sourceTree = BUILT_PRODUCTS_DIR; };
		11A2C3681A7AFF7B00061625 /* Info.plist */ = {isa = PBXFileReference; lastKnownFileType = text.plist.xml; path = Info.plist; sourceTree = "<group>"; };
		11A2C3691A7AFF7B00061625 /* main.m */ = {isa = PBXFileReference; lastKnownFileType = sourcecode.c.objc; path = main.m; sourceTree = "<group>"; };
		11A2C36B1A7AFF7B00061625 /* AppDelegate.h */ = {isa = PBXFileReference; lastKnownFileType = sourcecode.c.h; path = AppDelegate.h; sourceTree = "<group>"; };
		11A2C36C1A7AFF7B00061625 /* AppDelegate.m */ = {isa = PBXFileReference; lastKnownFileType = sourcecode.c.objc; path = AppDelegate.m; sourceTree = "<group>"; };
		11A2C36F1A7AFF7B00061625 /* NotifyAlert.xcdatamodel */ = {isa = PBXFileReference; lastKnownFileType = wrapper.xcdatamodel; path = NotifyAlert.xcdatamodel; sourceTree = "<group>"; };
		11A2C3711A7AFF7B00061625 /* ViewController.h */ = {isa = PBXFileReference; lastKnownFileType = sourcecode.c.h; path = ViewController.h; sourceTree = "<group>"; };
		11A2C3721A7AFF7B00061625 /* ViewController.m */ = {isa = PBXFileReference; lastKnownFileType = sourcecode.c.objc; path = ViewController.m; sourceTree = "<group>"; };
		11A2C3751A7AFF7B00061625 /* Base */ = {isa = PBXFileReference; lastKnownFileType = file.storyboard; name = Base; path = Base.lproj/Main.storyboard; sourceTree = "<group>"; };
		11A2C3771A7AFF7B00061625 /* Images.xcassets */ = {isa = PBXFileReference; lastKnownFileType = folder.assetcatalog; path = Images.xcassets; sourceTree = "<group>"; };
		11A2C37A1A7AFF7B00061625 /* Base */ = {isa = PBXFileReference; lastKnownFileType = file.xib; name = Base; path = Base.lproj/LaunchScreen.xib; sourceTree = "<group>"; };
		11A2C3801A7AFF7B00061625 /* NotifyAlertTests.xctest */ = {isa = PBXFileReference; explicitFileType = wrapper.cfbundle; includeInIndex = 0; path = NotifyAlertTests.xctest; sourceTree = BUILT_PRODUCTS_DIR; };
		11A2C3851A7AFF7B00061625 /* Info.plist */ = {isa = PBXFileReference; lastKnownFileType = text.plist.xml; path = Info.plist; sourceTree = "<group>"; };
		11A2C3861A7AFF7B00061625 /* NotifyAlertTests.m */ = {isa = PBXFileReference; lastKnownFileType = sourcecode.c.objc; path = NotifyAlertTests.m; sourceTree = "<group>"; };
/* End PBXFileReference section */

/* Begin PBXFrameworksBuildPhase section */
		11A2C3611A7AFF7B00061625 /* Frameworks */ = {
			isa = PBXFrameworksBuildPhase;
			buildActionMask = 2147483647;
			files = (
			);
			runOnlyForDeploymentPostprocessing = 0;
		};
		11A2C37D1A7AFF7B00061625 /* Frameworks */ = {
			isa = PBXFrameworksBuildPhase;
			buildActionMask = 2147483647;
			files = (
			);
			runOnlyForDeploymentPostprocessing = 0;
		};
/* End PBXFrameworksBuildPhase section */

/* Begin PBXGroup section */
		11A2C35B1A7AFF7B00061625 = {
			isa = PBXGroup;
			children = (
				11A2C3661A7AFF7B00061625 /* NotifyAlert */,
				11A2C3831A7AFF7B00061625 /* NotifyAlertTests */,
				11A2C3651A7AFF7B00061625 /* Products */,
			);
			sourceTree = "<group>";
		};
		11A2C3651A7AFF7B00061625 /* Products */ = {
			isa = PBXGroup;
			children = (
				11A2C3641A7AFF7B00061625 /* NotifyAlert.app */,
				11A2C3801A7AFF7B00061625 /* NotifyAlertTests.xctest */,
			);
			name = Products;
			sourceTree = "<group>";
		};
		11A2C3661A7AFF7B00061625 /* NotifyAlert */ = {
			isa = PBXGroup;
			children = (
				11A2C36B1A7AFF7B00061625 /* AppDelegate.h */,
				11A2C36C1A7AFF7B00061625 /* AppDelegate.m */,
				11A2C3711A7AFF7B00061625 /* ViewController.h */,
				11A2C3721A7AFF7B00061625 /* ViewController.m */,
				11A2C3741A7AFF7B00061625 /* Main.storyboard */,
				11A2C3771A7AFF7B00061625 /* Images.xcassets */,
				11A2C3791A7AFF7B00061625 /* LaunchScreen.xib */,
				11A2C36E1A7AFF7B00061625 /* NotifyAlert.xcdatamodeld */,
				11A2C3671A7AFF7B00061625 /* Supporting Files */,
			);
			path = NotifyAlert;
			sourceTree = "<group>";
		};
		11A2C3671A7AFF7B00061625 /* Supporting Files */ = {
			isa = PBXGroup;
			children = (
				11A2C3681A7AFF7B00061625 /* Info.plist */,
				11A2C3691A7AFF7B00061625 /* main.m */,
			);
			name = "Supporting Files";
			sourceTree = "<group>";
		};
		11A2C3831A7AFF7B00061625 /* NotifyAlertTests */ = {
			isa = PBXGroup;
			children = (
				11A2C3861A7AFF7B00061625 /* NotifyAlertTests.m */,
				11A2C3841A7AFF7B00061625 /* Supporting Files */,
			);
			path = NotifyAlertTests;
			sourceTree = "<group>";
		};
		11A2C3841A7AFF7B00061625 /* Supporting Files */ = {
			isa = PBXGroup;
			children = (
				11A2C3851A7AFF7B00061625 /* Info.plist */,
			);
			name = "Supporting Files";
			sourceTree = "<group>";
		};
/* End PBXGroup section */

/* Begin PBXNativeTarget section */
		11A2C3631A7AFF7B00061625 /* NotifyAlert */ = {
			isa = PBXNativeTarget;
			buildConfigurationList = 11A2C38A1A7AFF7B00061625 /* Build configuration list for PBXNativeTarget "NotifyAlert" */;
			buildPhases = (
				11A2C3601A7AFF7B00061625 /* Sources */,
				11A2C3611A7AFF7B00061625 /* Frameworks */,
				11A2C3621A7AFF7B00061625 /* Resources */,
			);
			buildRules = (
			);
			dependencies = (
			);
			name = NotifyAlert;
			productName = NotifyAlert;
			productReference = 11A2C3641A7AFF7B00061625 /* NotifyAlert.app */;
			productType = "com.apple.product-type.application";
		};
		11A2C37F1A7AFF7B00061625 /* NotifyAlertTests */ = {
			isa = PBXNativeTarget;
			buildConfigurationList = 11A2C38D1A7AFF7B00061625 /* Build configuration list for PBXNativeTarget "NotifyAlertTests" */;
			buildPhases = (
				11A2C37C1A7AFF7B00061625 /* Sources */,
				11A2C37D1A7AFF7B00061625 /* Frameworks */,
				11A2C37E1A7AFF7B00061625 /* Resources */,
			);
			buildRules = (
			);
			dependencies = (
				11A2C3821A7AFF7B00061625 /* PBXTargetDependency */,
			);
			name = NotifyAlertTests;
			productName = NotifyAlertTests;
			productReference = 11A2C3801A7AFF7B00061625 /* NotifyAlertTests.xctest */;
			productType = "com.apple.product-type.bundle.unit-test";
		};
/* End PBXNativeTarget section */

/* Begin PBXProject section */
		11A2C35C1A7AFF7B00061625 /* Project object */ = {
			isa = PBXProject;
			attributes = {
				LastUpgradeCheck = 0610;
				ORGANIZATIONNAME = intent;
				TargetAttributes = {
					11A2C3631A7AFF7B00061625 = {
						CreatedOnToolsVersion = 6.1.1;
					};
					11A2C37F1A7AFF7B00061625 = {
						CreatedOnToolsVersion = 6.1.1;
						TestTargetID = 11A2C3631A7AFF7B00061625;
					};
				};
			};
			buildConfigurationList = 11A2C35F1A7AFF7B00061625 /* Build configuration list for PBXProject "NotifyAlert" */;
			compatibilityVersion = "Xcode 3.2";
			developmentRegion = English;
			hasScannedForEncodings = 0;
			knownRegions = (
				en,
				Base,
			);
			mainGroup = 11A2C35B1A7AFF7B00061625;
			productRefGroup = 11A2C3651A7AFF7B00061625 /* Products */;
			projectDirPath = "";
			projectRoot = "";
			targets = (
				11A2C3631A7AFF7B00061625 /* NotifyAlert */,
				11A2C37F1A7AFF7B00061625 /* NotifyAlertTests */,
			);
		};
/* End PBXProject section */

/* Begin PBXResourcesBuildPhase section */
		11A2C3621A7AFF7B00061625 /* Resources */ = {
			isa = PBXResourcesBuildPhase;
			buildActionMask = 2147483647;
			files = (
				11A2C3761A7AFF7B00061625 /* Main.storyboard in Resources */,
				11A2C37B1A7AFF7B00061625 /* LaunchScreen.xib in Resources */,
				11A2C3781A7AFF7B00061625 /* Images.xcassets in Resources */,
			);
			runOnlyForDeploymentPostprocessing = 0;
		};
		11A2C37E1A7AFF7B00061625 /* Resources */ = {
			isa = PBXResourcesBuildPhase;
			buildActionMask = 2147483647;
			files = (
			);
			runOnlyForDeploymentPostprocessing = 0;
		};
/* End PBXResourcesBuildPhase section */

/* Begin PBXSourcesBuildPhase section */
		11A2C3601A7AFF7B00061625 /* Sources */ = {
			isa = PBXSourcesBuildPhase;
			buildActionMask = 2147483647;
			files = (
				11A2C36D1A7AFF7B00061625 /* AppDelegate.m in Sources */,
				11A2C36A1A7AFF7B00061625 /* main.m in Sources */,
				11A2C3731A7AFF7B00061625 /* ViewController.m in Sources */,
				11A2C3701A7AFF7B00061625 /* NotifyAlert.xcdatamodeld in Sources */,
			);
			runOnlyForDeploymentPostprocessing = 0;
		};
		11A2C37C1A7AFF7B00061625 /* Sources */ = {
			isa = PBXSourcesBuildPhase;
			buildActionMask = 2147483647;
			files = (
				11A2C3871A7AFF7B00061625 /* NotifyAlertTests.m in Sources */,
			);
			runOnlyForDeploymentPostprocessing = 0;
		};
/* End PBXSourcesBuildPhase section */

/* Begin PBXTargetDependency section */
		11A2C3821A7AFF7B00061625 /* PBXTargetDependency */ = {
			isa = PBXTargetDependency;
			target = 11A2C3631A7AFF7B00061625 /* NotifyAlert */;
			targetProxy = 11A2C3811A7AFF7B00061625 /* PBXContainerItemProxy */;
		};
/* End PBXTargetDependency section */

/* Begin PBXVariantGroup section */
		11A2C3741A7AFF7B00061625 /* Main.storyboard */ = {
			isa = PBXVariantGroup;
			children = (
				11A2C3751A7AFF7B00061625 /* Base */,
			);
			name = Main.storyboard;
			sourceTree = "<group>";
		};
		11A2C3791A7AFF7B00061625 /* LaunchScreen.xib */ = {
			isa = PBXVariantGroup;
			children = (
				11A2C37A1A7AFF7B00061625 /* Base */,
			);
			name = LaunchScreen.xib;
			sourceTree = "<group>";
		};
/* End PBXVariantGroup section */

/* Begin XCBuildConfiguration section */
		11A2C3881A7AFF7B00061625 /* Debug */ = {
			isa = XCBuildConfiguration;
			buildSettings = {
				ALWAYS_SEARCH_USER_PATHS = NO;
				CLANG_CXX_LANGUAGE_STANDARD = "gnu++0x";
				CLANG_CXX_LIBRARY = "libc++";
				CLANG_ENABLE_MODULES = YES;
				CLANG_ENABLE_OBJC_ARC = YES;
				CLANG_WARN_BOOL_CONVERSION = YES;
				CLANG_WARN_CONSTANT_CONVERSION = YES;
				CLANG_WARN_DIRECT_OBJC_ISA_USAGE = YES_ERROR;
				CLANG_WARN_EMPTY_BODY = YES;
				CLANG_WARN_ENUM_CONVERSION = YES;
				CLANG_WARN_INT_CONVERSION = YES;
				CLANG_WARN_OBJC_ROOT_CLASS = YES_ERROR;
				CLANG_WARN_UNREACHABLE_CODE = YES;
				CLANG_WARN__DUPLICATE_METHOD_MATCH = YES;
				"CODE_SIGN_IDENTITY[sdk=iphoneos*]" = "iPhone Developer";
				COPY_PHASE_STRIP = NO;
				ENABLE_STRICT_OBJC_MSGSEND = YES;
				GCC_C_LANGUAGE_STANDARD = gnu99;
				GCC_DYNAMIC_NO_PIC = NO;
				GCC_OPTIMIZATION_LEVEL = 0;
				GCC_PREPROCESSOR_DEFINITIONS = (
					"DEBUG=1",
					"$(inherited)",
				);
				GCC_SYMBOLS_PRIVATE_EXTERN = NO;
				GCC_WARN_64_TO_32_BIT_CONVERSION = YES;
				GCC_WARN_ABOUT_RETURN_TYPE = YES_ERROR;
				GCC_WARN_UNDECLARED_SELECTOR = YES;
				GCC_WARN_UNINITIALIZED_AUTOS = YES_AGGRESSIVE;
				GCC_WARN_UNUSED_FUNCTION = YES;
				GCC_WARN_UNUSED_VARIABLE = YES;
				IPHONEOS_DEPLOYMENT_TARGET = 8.1;
				MTL_ENABLE_DEBUG_INFO = YES;
				ONLY_ACTIVE_ARCH = YES;
				SDKROOT = iphoneos;
			};
			name = Debug;
		};
		11A2C3891A7AFF7B00061625 /* Release */ = {
			isa = XCBuildConfiguration;
			buildSettings = {
				ALWAYS_SEARCH_USER_PATHS = NO;
				CLANG_CXX_LANGUAGE_STANDARD = "gnu++0x";
				CLANG_CXX_LIBRARY = "libc++";
				CLANG_ENABLE_MODULES = YES;
				CLANG_ENABLE_OBJC_ARC = YES;
				CLANG_WARN_BOOL_CONVERSION = YES;
				CLANG_WARN_CONSTANT_CONVERSION = YES;
				CLANG_WARN_DIRECT_OBJC_ISA_USAGE = YES_ERROR;
				CLANG_WARN_EMPTY_BODY = YES;
				CLANG_WARN_ENUM_CONVERSION = YES;
				CLANG_WARN_INT_CONVERSION = YES;
				CLANG_WARN_OBJC_ROOT_CLASS = YES_ERROR;
				CLANG_WARN_UNREACHABLE_CODE = YES;
				CLANG_WARN__DUPLICATE_METHOD_MATCH = YES;
				"CODE_SIGN_IDENTITY[sdk=iphoneos*]" = "iPhone Developer";
				COPY_PHASE_STRIP = YES;
				ENABLE_NS_ASSERTIONS = NO;
				ENABLE_STRICT_OBJC_MSGSEND = YES;
				GCC_C_LANGUAGE_STANDARD = gnu99;
				GCC_WARN_64_TO_32_BIT_CONVERSION = YES;
				GCC_WARN_ABOUT_RETURN_TYPE = YES_ERROR;
				GCC_WARN_UNDECLARED_SELECTOR = YES;
				GCC_WARN_UNINITIALIZED_AUTOS = YES_AGGRESSIVE;
				GCC_WARN_UNUSED_FUNCTION = YES;
				GCC_WARN_UNUSED_VARIABLE = YES;
				IPHONEOS_DEPLOYMENT_TARGET = 8.1;
				MTL_ENABLE_DEBUG_INFO = NO;
				SDKROOT = iphoneos;
				VALIDATE_PRODUCT = YES;
			};
			name = Release;
		};
		11A2C38B1A7AFF7B00061625 /* Debug */ = {
			isa = XCBuildConfiguration;
			buildSettings = {
				ASSETCATALOG_COMPILER_APPICON_NAME = AppIcon;
				INFOPLIST_FILE = NotifyAlert/Info.plist;
				LD_RUNPATH_SEARCH_PATHS = "$(inherited) @executable_path/Frameworks";
				PRODUCT_NAME = "$(TARGET_NAME)";
			};
			name = Debug;
		};
		11A2C38C1A7AFF7B00061625 /* Release */ = {
			isa = XCBuildConfiguration;
			buildSettings = {
				ASSETCATALOG_COMPILER_APPICON_NAME = AppIcon;
				INFOPLIST_FILE = NotifyAlert/Info.plist;
				LD_RUNPATH_SEARCH_PATHS = "$(inherited) @executable_path/Frameworks";
				PRODUCT_NAME = "$(TARGET_NAME)";
			};
			name = Release;
		};
		11A2C38E1A7AFF7B00061625 /* Debug */ = {
			isa = XCBuildConfiguration;
			buildSettings = {
				BUNDLE_LOADER = "$(TEST_HOST)";
				FRAMEWORK_SEARCH_PATHS = (
					"$(SDKROOT)/Developer/Library/Frameworks",
					"$(inherited)",
				);
				GCC_PREPROCESSOR_DEFINITIONS = (
					"DEBUG=1",
					"$(inherited)",
				);
				INFOPLIST_FILE = NotifyAlertTests/Info.plist;
				LD_RUNPATH_SEARCH_PATHS = "$(inherited) @executable_path/Frameworks @loader_path/Frameworks";
				PRODUCT_NAME = "$(TARGET_NAME)";
				TEST_HOST = "$(BUILT_PRODUCTS_DIR)/NotifyAlert.app/NotifyAlert";
			};
			name = Debug;
		};
		11A2C38F1A7AFF7B00061625 /* Release */ = {
			isa = XCBuildConfiguration;
			buildSettings = {
				BUNDLE_LOADER = "$(TEST_HOST)";
				FRAMEWORK_SEARCH_PATHS = (
					"$(SDKROOT)/Developer/Library/Frameworks",
					"$(inherited)",
				);
				INFOPLIST_FILE = NotifyAlertTests/Info.plist;
				LD_RUNPATH_SEARCH_PATHS = "$(inherited) @executable_path/Frameworks @loader_path/Frameworks";
				PRODUCT_NAME = "$(TARGET_NAME)";
				TEST_HOST = "$(BUILT_PRODUCTS_DIR)/NotifyAlert.app/NotifyAlert";
			};
			name = Release;
		};
/* End XCBuildConfiguration section */

/* Begin XCConfigurationList section */
		11A2C35F1A7AFF7B00061625 /* Build configuration list for PBXProject "NotifyAlert" */ = {
			isa = XCConfigurationList;
			buildConfigurations = (
				11A2C3881A7AFF7B00061625 /* Debug */,
				11A2C3891A7AFF7B00061625 /* Release */,
			);
			defaultConfigurationIsVisible = 0;
			defaultConfigurationName = Release;
		};
		11A2C38A1A7AFF7B00061625 /* Build configuration list for PBXNativeTarget "NotifyAlert" */ = {
			isa = XCConfigurationList;
			buildConfigurations = (
				11A2C38B1A7AFF7B00061625 /* Debug */,
				11A2C38C1A7AFF7B00061625 /* Release */,
			);
			defaultConfigurationIsVisible = 0;
		};
		11A2C38D1A7AFF7B00061625 /* Build configuration list for PBXNativeTarget "NotifyAlertTests" */ = {
			isa = XCConfigurationList;
			buildConfigurations = (
				11A2C38E1A7AFF7B00061625 /* Debug */,
				11A2C38F1A7AFF7B00061625 /* Release */,
			);
			defaultConfigurationIsVisible = 0;
		};
/* End XCConfigurationList section */

/* Begin XCVersionGroup section */
		11A2C36E1A7AFF7B00061625 /* NotifyAlert.xcdatamodeld */ = {
			isa = XCVersionGroup;
			children = (
				11A2C36F1A7AFF7B00061625 /* NotifyAlert.xcdatamodel */,
			);
			currentVersion = 11A2C36F1A7AFF7B00061625 /* NotifyAlert.xcdatamodel */;
			path = NotifyAlert.xcdatamodeld;
			sourceTree = "<group>";
			versionGroupType = wrapper.xcdatamodel;
		};
/* End XCVersionGroup section */
	};
	rootObject = 11A2C35C1A7AFF7B00061625 /* Project object */;
}
